
Microsoft Visual Studio Solution File, Format Version 12.00
# Visual Studio Version 16
VisualStudioVersion = 16.0.29806.167
MinimumVisualStudioVersion = 10.0.40219.1
Project("{FAE04EC0-301F-11D3-BF4B-00C04F79EFBC}") = "WindowsFormsApp2", "WindowsFormsApp2\WindowsFormsApp2.csproj", "{AB22A122-0E75-4790-9EEA-3ACF7CD01CB2}"
EndProject
Global
	GlobalSection(SolutionConfigurationPlatforms) = preSolution
		Debug|Any CPU = Debug|Any CPU
		Release|Any CPU = Release|Any CPU
	EndGlobalSection
	GlobalSection(ProjectConfigurationPlatforms) = postSolution
		{AB22A122-0E75-4790-9EEA-3ACF7CD01CB2}.Debug|Any CPU.ActiveCfg = Debug|Any CPU
		{AB22A122-0E75-4790-9EEA-3ACF7CD01CB2}.Debug|Any CPU.Build.0 = Debug|Any CPU
		{AB22A122-0E75-4790-9EEA-3ACF7CD01CB2}.Release|Any CPU.ActiveCfg = Release|Any CPU
		{AB22A122-0E75-4790-9EEA-3ACF7CD01CB2}.Release|Any CPU.Build.0 = Release|Any CPU
	EndGlobalSection
	GlobalSection(SolutionProperties) = preSolution
		HideSolutionNode = FALSE
	EndGlobalSection
	GlobalSection(ExtensibilityGlobals) = postSolution
		SolutionGuid = {282DBBEF-5337-419A-A15D-8C6941CD5EC1}
	EndGlobalSection
EndGlobal
